
Microsoft Visual Studio Solution File, Format Version 12.00
# Visual Studio Version 17
VisualStudioVersion = 17.11.35208.52
MinimumVisualStudioVersion = 10.0.40219.1
Project("{FAE04EC0-301F-11D3-BF4B-00C04F79EFBC}") = "JBPTicketsApp", "JBPTicketsApp\JBPTicketsApp.csproj", "{5C332C68-A730-4279-85A4-BD2A028B8498}"
EndProject
Global
	GlobalSection(SolutionConfigurationPlatforms) = preSolution
		Debug|Any CPU = Debug|Any CPU
		Release|Any CPU = Release|Any CPU
	EndGlobalSection
	GlobalSection(ProjectConfigurationPlatforms) = postSolution
		{5C332C68-A730-4279-85A4-BD2A028B8498}.Debug|Any CPU.ActiveCfg = Debug|Any CPU
		{5C332C68-A730-4279-85A4-BD2A028B8498}.Debug|Any CPU.Build.0 = Debug|Any CPU
		{5C332C68-A730-4279-85A4-BD2A028B8498}.Release|Any CPU.ActiveCfg = Release|Any CPU
		{5C332C68-A730-4279-85A4-BD2A028B8498}.Release|Any CPU.Build.0 = Release|Any CPU
	EndGlobalSection
	GlobalSection(SolutionProperties) = preSolution
		HideSolutionNode = FALSE
	EndGlobalSection
	GlobalSection(ExtensibilityGlobals) = postSolution
		SolutionGuid = {EFF7EF0B-6B7E-4953-9C63-C742BEB24B6D}
	EndGlobalSection
EndGlobal
